// !$*UTF8*$!
{
	archiveVersion = 1;
	classes = {
	};
	objectVersion = 50;
	objects = {

/* Begin PBXBuildFile section */
		D80597D021F7A14E00573741 /* SecondViewController.swift in Sources */ = {isa = PBXBuildFile; fileRef = D80597CF21F7A14E00573741 /* SecondViewController.swift */; };
		D846DD4921F518FB00D7EA76 /* AppDelegate.swift in Sources */ = {isa = PBXBuildFile; fileRef = D846DD4821F518FB00D7EA76 /* AppDelegate.swift */; };
		D846DD4B21F518FB00D7EA76 /* ViewController.swift in Sources */ = {isa = PBXBuildFile; fileRef = D846DD4A21F518FB00D7EA76 /* ViewController.swift */; };
		D846DD4E21F518FB00D7EA76 /* Main.storyboard in Resources */ = {isa = PBXBuildFile; fileRef = D846DD4C21F518FB00D7EA76 /* Main.storyboard */; };
		D846DD5021F518FD00D7EA76 /* Assets.xcassets in Resources */ = {isa = PBXBuildFile; fileRef = D846DD4F21F518FD00D7EA76 /* Assets.xcassets */; };
		D846DD5321F518FD00D7EA76 /* LaunchScreen.storyboard in Resources */ = {isa = PBXBuildFile; fileRef = D846DD5121F518FD00D7EA76 /* LaunchScreen.storyboard */; };
		D846DD5D21F51D9000D7EA76 /* 03. Kein Liebeslied.mp3 in Resources */ = {isa = PBXBuildFile; fileRef = D846DD5C21F51D9000D7EA76 /* 03. Kein Liebeslied.mp3 */; };
/* End PBXBuildFile section */

/* Begin PBXFileReference section */
		D80597CF21F7A14E00573741 /* SecondViewController.swift */ = {isa = PBXFileReference; lastKnownFileType = sourcecode.swift; path = SecondViewController.swift; sourceTree = "<group>"; };
		D846DD4521F518FB00D7EA76 /* SimpleAudioPlayer.app */ = {isa = PBXFileReference; explicitFileType = wrapper.application; includeInIndex = 0; path = SimpleAudioPlayer.app; sourceTree = BUILT_PRODUCTS_DIR; };
		D846DD4821F518FB00D7EA76 /* AppDelegate.swift */ = {isa = PBXFileReference; lastKnownFileType = sourcecode.swift; path = AppDelegate.swift; sourceTree = "<group>"; };
		D846DD4A21F518FB00D7EA76 /* ViewController.swift */ = {isa = PBXFileReference; lastKnownFileType = sourcecode.swift; path = ViewController.swift; sourceTree = "<group>"; };
		D846DD4D21F518FB00D7EA76 /* Base */ = {isa = PBXFileReference; lastKnownFileType = file.storyboard; name = Base; path = Base.lproj/Main.storyboard; sourceTree = "<group>"; };
		D846DD4F21F518FD00D7EA76 /* Assets.xcassets */ = {isa = PBXFileReference; lastKnownFileType = folder.assetcatalog; path = Assets.xcassets; sourceTree = "<group>"; };
		D846DD5221F518FD00D7EA76 /* Base */ = {isa = PBXFileReference; lastKnownFileType = file.storyboard; name = Base; path = Base.lproj/LaunchScreen.storyboard; sourceTree = "<group>"; };
		D846DD5421F518FD00D7EA76 /* Info.plist */ = {isa = PBXFileReference; lastKnownFileType = text.plist.xml; path = Info.plist; sourceTree = "<group>"; };
		D846DD5C21F51D9000D7EA76 /* 03. Kein Liebeslied.mp3 */ = {isa = PBXFileReference; lastKnownFileType = audio.mp3; name = "03. Kein Liebeslied.mp3"; path = "../../../../Downloads/Музыка/Oomph!/Ritual/OOMPH! - Ritual (2019)/03. Kein Liebeslied.mp3"; sourceTree = "<group>"; };
/* End PBXFileReference section */

/* Begin PBXFrameworksBuildPhase section */
		D846DD4221F518FB00D7EA76 /* Frameworks */ = {
			isa = PBXFrameworksBuildPhase;
			buildActionMask = 2147483647;
			files = (
			);
			runOnlyForDeploymentPostprocessing = 0;
		};
/* End PBXFrameworksBuildPhase section */

/* Begin PBXGroup section */
		D846DD3C21F518FB00D7EA76 = {
			isa = PBXGroup;
			children = (
				D846DD4721F518FB00D7EA76 /* SimpleAudioPlayer */,
				D846DD4621F518FB00D7EA76 /* Products */,
			);
			sourceTree = "<group>";
		};
		D846DD4621F518FB00D7EA76 /* Products */ = {
			isa = PBXGroup;
			children = (
				D846DD4521F518FB00D7EA76 /* SimpleAudioPlayer.app */,
			);
			name = Products;
			sourceTree = "<group>";
		};
		D846DD4721F518FB00D7EA76 /* SimpleAudioPlayer */ = {
			isa = PBXGroup;
			children = (
				D846DD4821F518FB00D7EA76 /* AppDelegate.swift */,
				D846DD4A21F518FB00D7EA76 /* ViewController.swift */,
				D80597CF21F7A14E00573741 /* SecondViewController.swift */,
				D846DD4C21F518FB00D7EA76 /* Main.storyboard */,
				D846DD4F21F518FD00D7EA76 /* Assets.xcassets */,
				D846DD5C21F51D9000D7EA76 /* 03. Kein Liebeslied.mp3 */,
				D846DD5121F518FD00D7EA76 /* LaunchScreen.storyboard */,
				D846DD5421F518FD00D7EA76 /* Info.plist */,
			);
			path = SimpleAudioPlayer;
			sourceTree = "<group>";
		};
/* End PBXGroup section */

/* Begin PBXNativeTarget section */
		D846DD4421F518FB00D7EA76 /* SimpleAudioPlayer */ = {
			isa = PBXNativeTarget;
			buildConfigurationList = D846DD5721F518FD00D7EA76 /* Build configuration list for PBXNativeTarget "SimpleAudioPlayer" */;
			buildPhases = (
				D846DD4121F518FB00D7EA76 /* Sources */,
				D846DD4221F518FB00D7EA76 /* Frameworks */,
				D846DD4321F518FB00D7EA76 /* Resources */,
			);
			buildRules = (
			);
			dependencies = (
			);
			name = SimpleAudioPlayer;
			productName = SimpleAudioPlayer;
			productReference = D846DD4521F518FB00D7EA76 /* SimpleAudioPlayer.app */;
			productType = "com.apple.product-type.application";
		};
/* End PBXNativeTarget section */

/* Begin PBXProject section */
		D846DD3D21F518FB00D7EA76 /* Project object */ = {
			isa = PBXProject;
			attributes = {
				LastSwiftUpdateCheck = 1010;
				LastUpgradeCheck = 1010;
				ORGANIZATIONNAME = "Ekaterina Kozlova";
				TargetAttributes = {
					D846DD4421F518FB00D7EA76 = {
						CreatedOnToolsVersion = 10.1;
					};
				};
			};
			buildConfigurationList = D846DD4021F518FB00D7EA76 /* Build configuration list for PBXProject "SimpleAudioPlayer" */;
			compatibilityVersion = "Xcode 9.3";
			developmentRegion = en;
			hasScannedForEncodings = 0;
			knownRegions = (
				en,
				Base,
			);
			mainGroup = D846DD3C21F518FB00D7EA76;
			productRefGroup = D846DD4621F518FB00D7EA76 /* Products */;
			projectDirPath = "";
			projectRoot = "";
			targets = (
				D846DD4421F518FB00D7EA76 /* SimpleAudioPlayer */,
			);
		};
/* End PBXProject section */

/* Begin PBXResourcesBuildPhase section */
		D846DD4321F518FB00D7EA76 /* Resources */ = {
			isa = PBXResourcesBuildPhase;
			buildActionMask = 2147483647;
			files = (
				D846DD5321F518FD00D7EA76 /* LaunchScreen.storyboard in Resources */,
				D846DD5021F518FD00D7EA76 /* Assets.xcassets in Resources */,
				D846DD4E21F518FB00D7EA76 /* Main.storyboard in Resources */,
				D846DD5D21F51D9000D7EA76 /* 03. Kein Liebeslied.mp3 in Resources */,
			);
			runOnlyForDeploymentPostprocessing = 0;
		};
/* End PBXResourcesBuildPhase section */

/* Begin PBXSourcesBuildPhase section */
		D846DD4121F518FB00D7EA76 /* Sources */ = {
			isa = PBXSourcesBuildPhase;
			buildActionMask = 2147483647;
			files = (
				D80597D021F7A14E00573741 /* SecondViewController.swift in Sources */,
				D846DD4B21F518FB00D7EA76 /* ViewController.swift in Sources */,
				D846DD4921F518FB00D7EA76 /* AppDelegate.swift in Sources */,
			);
			runOnlyForDeploymentPostprocessing = 0;
		};
/* End PBXSourcesBuildPhase section */

/* Begin PBXVariantGroup section */
		D846DD4C21F518FB00D7EA76 /* Main.storyboard */ = {
			isa = PBXVariantGroup;
			children = (
				D846DD4D21F518FB00D7EA76 /* Base */,
			);
			name = Main.storyboard;
			sourceTree = "<group>";
		};
		D846DD5121F518FD00D7EA76 /* LaunchScreen.storyboard */ = {
			isa = PBXVariantGroup;
			children = (
				D846DD5221F518FD00D7EA76 /* Base */,
			);
			name = LaunchScreen.storyboard;
			sourceTree = "<group>";
		};
/* End PBXVariantGroup section */

/* Begin XCBuildConfiguration section */
		D846DD5521F518FD00D7EA76 /* Debug */ = {
			isa = XCBuildConfiguration;
			buildSettings = {
				ALWAYS_SEARCH_USER_PATHS = NO;
				CLANG_ANALYZER_NONNULL = YES;
				CLANG_ANALYZER_NUMBER_OBJECT_CONVERSION = YES_AGGRESSIVE;
				CLANG_CXX_LANGUAGE_STANDARD = "gnu++14";
				CLANG_CXX_LIBRARY = "libc++";
				CLANG_ENABLE_MODULES = YES;
				CLANG_ENABLE_OBJC_ARC = YES;
				CLANG_ENABLE_OBJC_WEAK = YES;
				CLANG_WARN_BLOCK_CAPTURE_AUTORELEASING = YES;
				CLANG_WARN_BOOL_CONVERSION = YES;
				CLANG_WARN_COMMA = YES;
				CLANG_WARN_CONSTANT_CONVERSION = YES;
				CLANG_WARN_DEPRECATED_OBJC_IMPLEMENTATIONS = YES;
				CLANG_WARN_DIRECT_OBJC_ISA_USAGE = YES_ERROR;
				CLANG_WARN_DOCUMENTATION_COMMENTS = YES;
				CLANG_WARN_EMPTY_BODY = YES;
				CLANG_WARN_ENUM_CONVERSION = YES;
				CLANG_WARN_INFINITE_RECURSION = YES;
				CLANG_WARN_INT_CONVERSION = YES;
				CLANG_WARN_NON_LITERAL_NULL_CONVERSION = YES;
				CLANG_WARN_OBJC_IMPLICIT_RETAIN_SELF = YES;
				CLANG_WARN_OBJC_LITERAL_CONVERSION = YES;
				CLANG_WARN_OBJC_ROOT_CLASS = YES_ERROR;
				CLANG_WARN_RANGE_LOOP_ANALYSIS = YES;
				CLANG_WARN_STRICT_PROTOTYPES = YES;
				CLANG_WARN_SUSPICIOUS_MOVE = YES;
				CLANG_WARN_UNGUARDED_AVAILABILITY = YES_AGGRESSIVE;
				CLANG_WARN_UNREACHABLE_CODE = YES;
				CLANG_WARN__DUPLICATE_METHOD_MATCH = YES;
				CODE_SIGN_IDENTITY = "iPhone Developer";
				COPY_PHASE_STRIP = NO;
				DEBUG_INFORMATION_FORMAT = dwarf;
				ENABLE_STRICT_OBJC_MSGSEND = YES;
				ENABLE_TESTABILITY = YES;
				GCC_C_LANGUAGE_STANDARD = gnu11;
				GCC_DYNAMIC_NO_PIC = NO;
				GCC_NO_COMMON_BLOCKS = YES;
				GCC_OPTIMIZATION_LEVEL = 0;
				GCC_PREPROCESSOR_DEFINITIONS = (
					"DEBUG=1",
					"$(inherited)",
				);
				GCC_WARN_64_TO_32_BIT_CONVERSION = YES;
				GCC_WARN_ABOUT_RETURN_TYPE = YES_ERROR;
				GCC_WARN_UNDECLARED_SELECTOR = YES;
				GCC_WARN_UNINITIALIZED_AUTOS = YES_AGGRESSIVE;
				GCC_WARN_UNUSED_FUNCTION = YES;
				GCC_WARN_UNUSED_VARIABLE = YES;
				IPHONEOS_DEPLOYMENT_TARGET = 12.1;
				MTL_ENABLE_DEBUG_INFO = INCLUDE_SOURCE;
				MTL_FAST_MATH = YES;
				ONLY_ACTIVE_ARCH = YES;
				SDKROOT = iphoneos;
				SWIFT_ACTIVE_COMPILATION_CONDITIONS = DEBUG;
				SWIFT_OPTIMIZATION_LEVEL = "-Onone";
			};
			name = Debug;
		};
		D846DD5621F518FD00D7EA76 /* Release */ = {
			isa = XCBuildConfiguration;
			buildSettings = {
				ALWAYS_SEARCH_USER_PATHS = NO;
				CLANG_ANALYZER_NONNULL = YES;
				CLANG_ANALYZER_NUMBER_OBJECT_CONVERSION = YES_AGGRESSIVE;
				CLANG_CXX_LANGUAGE_STANDARD = "gnu++14";
				CLANG_CXX_LIBRARY = "libc++";
				CLANG_ENABLE_MODULES = YES;
				CLANG_ENABLE_OBJC_ARC = YES;
				CLANG_ENABLE_OBJC_WEAK = YES;
				CLANG_WARN_BLOCK_CAPTURE_AUTORELEASING = YES;
				CLANG_WARN_BOOL_CONVERSION = YES;
				CLANG_WARN_COMMA = YES;
				CLANG_WARN_CONSTANT_CONVERSION = YES;
				CLANG_WARN_DEPRECATED_OBJC_IMPLEMENTATIONS = YES;
				CLANG_WARN_DIRECT_OBJC_ISA_USAGE = YES_ERROR;
				CLANG_WARN_DOCUMENTATION_COMMENTS = YES;
				CLANG_WARN_EMPTY_BODY = YES;
				CLANG_WARN_ENUM_CONVERSION = YES;
				CLANG_WARN_INFINITE_RECURSION = YES;
				CLANG_WARN_INT_CONVERSION = YES;
				CLANG_WARN_NON_LITERAL_NULL_CONVERSION = YES;
				CLANG_WARN_OBJC_IMPLICIT_RETAIN_SELF = YES;
				CLANG_WARN_OBJC_LITERAL_CONVERSION = YES;
				CLANG_WARN_OBJC_ROOT_CLASS = YES_ERROR;
				CLANG_WARN_RANGE_LOOP_ANALYSIS = YES;
				CLANG_WARN_STRICT_PROTOTYPES = YES;
				CLANG_WARN_SUSPICIOUS_MOVE = YES;
				CLANG_WARN_UNGUARDED_AVAILABILITY = YES_AGGRESSIVE;
				CLANG_WARN_UNREACHABLE_CODE = YES;
				CLANG_WARN__DUPLICATE_METHOD_MATCH = YES;
				CODE_SIGN_IDENTITY = "iPhone Developer";
				COPY_PHASE_STRIP = NO;
				DEBUG_INFORMATION_FORMAT = "dwarf-with-dsym";
				ENABLE_NS_ASSERTIONS = NO;
				ENABLE_STRICT_OBJC_MSGSEND = YES;
				GCC_C_LANGUAGE_STANDARD = gnu11;
				GCC_NO_COMMON_BLOCKS = YES;
				GCC_WARN_64_TO_32_BIT_CONVERSION = YES;
				GCC_WARN_ABOUT_RETURN_TYPE = YES_ERROR;
				GCC_WARN_UNDECLARED_SELECTOR = YES;
				GCC_WARN_UNINITIALIZED_AUTOS = YES_AGGRESSIVE;
				GCC_WARN_UNUSED_FUNCTION = YES;
				GCC_WARN_UNUSED_VARIABLE = YES;
				IPHONEOS_DEPLOYMENT_TARGET = 12.1;
				MTL_ENABLE_DEBUG_INFO = NO;
				MTL_FAST_MATH = YES;
				SDKROOT = iphoneos;
				SWIFT_COMPILATION_MODE = wholemodule;
				SWIFT_OPTIMIZATION_LEVEL = "-O";
				VALIDATE_PRODUCT = YES;
			};
			name = Release;
		};
		D846DD5821F518FD00D7EA76 /* Debug */ = {
			isa = XCBuildConfiguration;
			buildSettings = {
				ASSETCATALOG_COMPILER_APPICON_NAME = AppIcon;
				CODE_SIGN_STYLE = Automatic;
				INFOPLIST_FILE = SimpleAudioPlayer/Info.plist;
				LD_RUNPATH_SEARCH_PATHS = (
					"$(inherited)",
					"@executable_path/Frameworks",
				);
				PRODUCT_BUNDLE_IDENTIFIER = "-3.SimpleAudioPlayer";
				PRODUCT_NAME = "$(TARGET_NAME)";
				SWIFT_VERSION = 4.2;
				TARGETED_DEVICE_FAMILY = "1,2";
			};
			name = Debug;
		};
		D846DD5921F518FD00D7EA76 /* Release */ = {
			isa = XCBuildConfiguration;
			buildSettings = {
				ASSETCATALOG_COMPILER_APPICON_NAME = AppIcon;
				CODE_SIGN_STYLE = Automatic;
				INFOPLIST_FILE = SimpleAudioPlayer/Info.plist;
				LD_RUNPATH_SEARCH_PATHS = (
					"$(inherited)",
					"@executable_path/Frameworks",
				);
				PRODUCT_BUNDLE_IDENTIFIER = "-3.SimpleAudioPlayer";
				PRODUCT_NAME = "$(TARGET_NAME)";
				SWIFT_VERSION = 4.2;
				TARGETED_DEVICE_FAMILY = "1,2";
			};
			name = Release;
		};
/* End XCBuildConfiguration section */

/* Begin XCConfigurationList section */
		D846DD4021F518FB00D7EA76 /* Build configuration list for PBXProject "SimpleAudioPlayer" */ = {
			isa = XCConfigurationList;
			buildConfigurations = (
				D846DD5521F518FD00D7EA76 /* Debug */,
				D846DD5621F518FD00D7EA76 /* Release */,
			);
			defaultConfigurationIsVisible = 0;
			defaultConfigurationName = Release;
		};
		D846DD5721F518FD00D7EA76 /* Build configuration list for PBXNativeTarget "SimpleAudioPlayer" */ = {
			isa = XCConfigurationList;
			buildConfigurations = (
				D846DD5821F518FD00D7EA76 /* Debug */,
				D846DD5921F518FD00D7EA76 /* Release */,
			);
			defaultConfigurationIsVisible = 0;
			defaultConfigurationName = Release;
		};
/* End XCConfigurationList section */
	};
	rootObject = D846DD3D21F518FB00D7EA76 /* Project object */;
}
